// !$*UTF8*$!
{
	archiveVersion = 1;
	classes = {
	};
	objectVersion = 55;
	objects = {

/* Begin PBXBuildFile section */
		AD27A13D2876B20900CA646A /* GradeTestViewController.swift in Sources */ = {isa = PBXBuildFile; fileRef = AD27A13B2876B20900CA646A /* GradeTestViewController.swift */; };
		AD27A13E2876B20900CA646A /* GradeTestViewController.xib in Resources */ = {isa = PBXBuildFile; fileRef = AD27A13C2876B20900CA646A /* GradeTestViewController.xib */; };
		AD351797275721E800D1721B /* Jasmine.podspec in Resources */ = {isa = PBXBuildFile; fileRef = AD351796275721E800D1721B /* Jasmine.podspec */; };
		AD5E85EE2A7C888100343D7B /* NestedScrollView.swift in Sources */ = {isa = PBXBuildFile; fileRef = AD5E85ED2A7C888100343D7B /* NestedScrollView.swift */; };
		AD5E85F22A7C892700343D7B /* NestedScrollViewTestViewController.swift in Sources */ = {isa = PBXBuildFile; fileRef = AD5E85F02A7C892700343D7B /* NestedScrollViewTestViewController.swift */; };
		AD5E85F32A7C892700343D7B /* NestedScrollViewTestViewController.xib in Resources */ = {isa = PBXBuildFile; fileRef = AD5E85F12A7C892700343D7B /* NestedScrollViewTestViewController.xib */; };
		AD63D1BE2760CA7600F19301 /* DashView.swift in Sources */ = {isa = PBXBuildFile; fileRef = AD63D1BD2760CA7600F19301 /* DashView.swift */; };
		AD63D1C22760CEBB00F19301 /* DashTestViewController.swift in Sources */ = {isa = PBXBuildFile; fileRef = AD63D1C02760CEBB00F19301 /* DashTestViewController.swift */; };
		AD63D1C32760CEBB00F19301 /* DashTestViewController.xib in Resources */ = {isa = PBXBuildFile; fileRef = AD63D1C12760CEBB00F19301 /* DashTestViewController.xib */; };
		AD63D1C52763751E00F19301 /* RoundView.swift in Sources */ = {isa = PBXBuildFile; fileRef = AD63D1C42763751E00F19301 /* RoundView.swift */; };
		AD63D1C927637A3F00F19301 /* RoundViewTestViewController.swift in Sources */ = {isa = PBXBuildFile; fileRef = AD63D1C727637A3F00F19301 /* RoundViewTestViewController.swift */; };
		AD63D1CA27637A3F00F19301 /* RoundViewTestViewController.xib in Resources */ = {isa = PBXBuildFile; fileRef = AD63D1C827637A3F00F19301 /* RoundViewTestViewController.xib */; };
		AD897CA6289F7DBF00EAB0BA /* JustWork.swift in Sources */ = {isa = PBXBuildFile; fileRef = AD897CA5289F7DBF00EAB0BA /* JustWork.swift */; };
		AD897CA8289F816800EAB0BA /* WKUserContentController+Handler.swift in Sources */ = {isa = PBXBuildFile; fileRef = AD897CA7289F816800EAB0BA /* WKUserContentController+Handler.swift */; };
		AD897CAA289F87BE00EAB0BA /* WeakObjects.swift in Sources */ = {isa = PBXBuildFile; fileRef = AD897CA9289F87BE00EAB0BA /* WeakObjects.swift */; };
		AD897CAC289F8A1E00EAB0BA /* Autorelease.swift in Sources */ = {isa = PBXBuildFile; fileRef = AD897CAB289F8A1E00EAB0BA /* Autorelease.swift */; };
		AD8CDF2C2A85DC280092C732 /* UIStackView+Tools.swift in Sources */ = {isa = PBXBuildFile; fileRef = AD8CDF2B2A85DC280092C732 /* UIStackView+Tools.swift */; };
		AD8E0D22287173830016DD2F /* UIImage+Transform.swift in Sources */ = {isa = PBXBuildFile; fileRef = AD8E0D21287173830016DD2F /* UIImage+Transform.swift */; };
		AD8E0D24287173BA0016DD2F /* UIImage+Inits.swift in Sources */ = {isa = PBXBuildFile; fileRef = AD8E0D23287173BA0016DD2F /* UIImage+Inits.swift */; };
		AD8E0D342873EEFF0016DD2F /* StepperTestViewController.swift in Sources */ = {isa = PBXBuildFile; fileRef = AD8E0D322873EEFF0016DD2F /* StepperTestViewController.swift */; };
		AD8E0D352873EEFF0016DD2F /* StepperTestViewController.xib in Resources */ = {isa = PBXBuildFile; fileRef = AD8E0D332873EEFF0016DD2F /* StepperTestViewController.xib */; };
		AD8E0D392873EF480016DD2F /* UIImageTransformTestViewController.swift in Sources */ = {isa = PBXBuildFile; fileRef = AD8E0D372873EF480016DD2F /* UIImageTransformTestViewController.swift */; };
		AD8E0D3A2873EF480016DD2F /* UIImageTransformTestViewController.xib in Resources */ = {isa = PBXBuildFile; fileRef = AD8E0D382873EF480016DD2F /* UIImageTransformTestViewController.xib */; };
		AD8EF01128DE9DC80069E714 /* CollectionViewTagLayout.swift in Sources */ = {isa = PBXBuildFile; fileRef = AD8EF01028DE9DC80069E714 /* CollectionViewTagLayout.swift */; };
		AD8EF01528DEB5B70069E714 /* TagLayoutTestViewController.swift in Sources */ = {isa = PBXBuildFile; fileRef = AD8EF01328DEB5B70069E714 /* TagLayoutTestViewController.swift */; };
		AD8EF01628DEB5B70069E714 /* TagLayoutTestViewController.xib in Resources */ = {isa = PBXBuildFile; fileRef = AD8EF01428DEB5B70069E714 /* TagLayoutTestViewController.xib */; };
		ADA452E2275B9E6200C15377 /* Stepper.swift in Sources */ = {isa = PBXBuildFile; fileRef = ADA452E1275B9E6200C15377 /* Stepper.swift */; };
		ADB527D9286E8B03009ADAD5 /* String+Verify.swift in Sources */ = {isa = PBXBuildFile; fileRef = ADB527D8286E8B03009ADAD5 /* String+Verify.swift */; };
		ADB527DB286E8BDA009ADAD5 /* String+Sub.swift in Sources */ = {isa = PBXBuildFile; fileRef = ADB527DA286E8BDA009ADAD5 /* String+Sub.swift */; };
		ADB71301276C73CC008AE7DE /* CollectionViewFlowLayout.swift in Sources */ = {isa = PBXBuildFile; fileRef = ADB71300276C73CC008AE7DE /* CollectionViewFlowLayout.swift */; };
		ADB71305276C75C5008AE7DE /* FlowLayoutTestViewController.swift in Sources */ = {isa = PBXBuildFile; fileRef = ADB71303276C75C5008AE7DE /* FlowLayoutTestViewController.swift */; };
		ADB71306276C75C5008AE7DE /* FlowLayoutTestViewController.xib in Resources */ = {isa = PBXBuildFile; fileRef = ADB71304276C75C5008AE7DE /* FlowLayoutTestViewController.xib */; };
		ADC43891286BF3BB00B43412 /* UIView+Layout.swift in Sources */ = {isa = PBXBuildFile; fileRef = ADC43890286BF3BB00B43412 /* UIView+Layout.swift */; };
		ADCC89A12754946300912771 /* UITableView+Tools.swift in Sources */ = {isa = PBXBuildFile; fileRef = ADCC89A02754946300912771 /* UITableView+Tools.swift */; };
		ADCC89A52754982800912771 /* CacheHeightViewController.swift in Sources */ = {isa = PBXBuildFile; fileRef = ADCC89A32754982800912771 /* CacheHeightViewController.swift */; };
		ADCC89A62754982800912771 /* CacheHeightViewController.xib in Resources */ = {isa = PBXBuildFile; fileRef = ADCC89A42754982800912771 /* CacheHeightViewController.xib */; };
		ADCC89A9275498C200912771 /* CacheTableViewCell.swift in Sources */ = {isa = PBXBuildFile; fileRef = ADCC89A7275498C200912771 /* CacheTableViewCell.swift */; };
		ADCC89AA275498C200912771 /* CacheTableViewCell.xib in Resources */ = {isa = PBXBuildFile; fileRef = ADCC89A8275498C200912771 /* CacheTableViewCell.xib */; };
		ADCDE4CC283F847600B188B2 /* UICollectionView+Tools.swift in Sources */ = {isa = PBXBuildFile; fileRef = ADCDE4CB283F847600B188B2 /* UICollectionView+Tools.swift */; };
		ADED6FCB29E92A6C00308406 /* SpaceLabel.swift in Sources */ = {isa = PBXBuildFile; fileRef = ADED6FCA29E92A6C00308406 /* SpaceLabel.swift */; };
		ADED6FCD29E92B8E00308406 /* URL+Tools.swift in Sources */ = {isa = PBXBuildFile; fileRef = ADED6FCC29E92B8E00308406 /* URL+Tools.swift */; };
		ADEFCFD72806BB59002139DC /* UIBarButtonItem+Handler.swift in Sources */ = {isa = PBXBuildFile; fileRef = ADEFCFD42806BB59002139DC /* UIBarButtonItem+Handler.swift */; };
		ADEFCFD82806BB59002139DC /* UIGestureRecognizer+Handler.swift in Sources */ = {isa = PBXBuildFile; fileRef = ADEFCFD52806BB59002139DC /* UIGestureRecognizer+Handler.swift */; };
		ADEFCFD92806BB59002139DC /* UIControll+Handler.swift in Sources */ = {isa = PBXBuildFile; fileRef = ADEFCFD62806BB59002139DC /* UIControll+Handler.swift */; };
		ADF36D942750FCA1008BA1DB /* AppDelegate.swift in Sources */ = {isa = PBXBuildFile; fileRef = ADF36D932750FCA1008BA1DB /* AppDelegate.swift */; };
		ADF36D982750FCA1008BA1DB /* ViewController.swift in Sources */ = {isa = PBXBuildFile; fileRef = ADF36D972750FCA1008BA1DB /* ViewController.swift */; };
		ADF36D9B2750FCA1008BA1DB /* Main.storyboard in Resources */ = {isa = PBXBuildFile; fileRef = ADF36D992750FCA1008BA1DB /* Main.storyboard */; };
		ADF36D9D2750FCA3008BA1DB /* Assets.xcassets in Resources */ = {isa = PBXBuildFile; fileRef = ADF36D9C2750FCA3008BA1DB /* Assets.xcassets */; };
		ADF36DA02750FCA3008BA1DB /* LaunchScreen.storyboard in Resources */ = {isa = PBXBuildFile; fileRef = ADF36D9E2750FCA3008BA1DB /* LaunchScreen.storyboard */; };
		ADF36DB92750FE1A008BA1DB /* OrientationButton.swift in Sources */ = {isa = PBXBuildFile; fileRef = ADF36DA92750FE1A008BA1DB /* OrientationButton.swift */; };
		ADF36DBA2750FE1A008BA1DB /* StarGradeView.swift in Sources */ = {isa = PBXBuildFile; fileRef = ADF36DAA2750FE1A008BA1DB /* StarGradeView.swift */; };
		ADF36DBB2750FE1A008BA1DB /* UIImage+Tools.swift in Sources */ = {isa = PBXBuildFile; fileRef = ADF36DAB2750FE1A008BA1DB /* UIImage+Tools.swift */; };
		ADF36DBC2750FE1A008BA1DB /* String+Tools.swift in Sources */ = {isa = PBXBuildFile; fileRef = ADF36DAC2750FE1A008BA1DB /* String+Tools.swift */; };
		ADF36DBD2750FE1A008BA1DB /* FileManager+Tools.swift in Sources */ = {isa = PBXBuildFile; fileRef = ADF36DAD2750FE1A008BA1DB /* FileManager+Tools.swift */; };
		ADF36DBE2750FE1A008BA1DB /* Date+Tools.swift in Sources */ = {isa = PBXBuildFile; fileRef = ADF36DAE2750FE1A008BA1DB /* Date+Tools.swift */; };
		ADF36DBF2750FE1A008BA1DB /* Double+Tools.swift in Sources */ = {isa = PBXBuildFile; fileRef = ADF36DAF2750FE1A008BA1DB /* Double+Tools.swift */; };
		ADF36DC02750FE1A008BA1DB /* UICollectionViewCell+Tools.swift in Sources */ = {isa = PBXBuildFile; fileRef = ADF36DB02750FE1A008BA1DB /* UICollectionViewCell+Tools.swift */; };
		ADF36DC12750FE1A008BA1DB /* UINavigationController+Tools.swift in Sources */ = {isa = PBXBuildFile; fileRef = ADF36DB12750FE1A008BA1DB /* UINavigationController+Tools.swift */; };
		ADF36DC22750FE1A008BA1DB /* UIViewController+Tools.swift in Sources */ = {isa = PBXBuildFile; fileRef = ADF36DB22750FE1A008BA1DB /* UIViewController+Tools.swift */; };
		ADF36DC42750FE1A008BA1DB /* UIView+Tools.swift in Sources */ = {isa = PBXBuildFile; fileRef = ADF36DB42750FE1A008BA1DB /* UIView+Tools.swift */; };
		ADF36DC52750FE1A008BA1DB /* NSObject+Tools.swift in Sources */ = {isa = PBXBuildFile; fileRef = ADF36DB52750FE1A008BA1DB /* NSObject+Tools.swift */; };
		ADF36DC62750FE1A008BA1DB /* UIColor+Tools.swift in Sources */ = {isa = PBXBuildFile; fileRef = ADF36DB62750FE1A008BA1DB /* UIColor+Tools.swift */; };
		ADF36DC72750FE1A008BA1DB /* UITableViewCell+Tools.swift in Sources */ = {isa = PBXBuildFile; fileRef = ADF36DB72750FE1A008BA1DB /* UITableViewCell+Tools.swift */; };
		ADF36E1727523FE2008BA1DB /* KeychainViewController.swift in Sources */ = {isa = PBXBuildFile; fileRef = ADF36E1527523FE2008BA1DB /* KeychainViewController.swift */; };
		ADF36E1827523FE2008BA1DB /* KeychainViewController.xib in Resources */ = {isa = PBXBuildFile; fileRef = ADF36E1627523FE2008BA1DB /* KeychainViewController.xib */; };
		ADF36E1A2752406F008BA1DB /* Keychain.swift in Sources */ = {isa = PBXBuildFile; fileRef = ADF36E192752406F008BA1DB /* Keychain.swift */; };
		ADF36E2327537258008BA1DB /* ModelAnimator.swift in Sources */ = {isa = PBXBuildFile; fileRef = ADF36E2227537258008BA1DB /* ModelAnimator.swift */; };
		ADF36E2827537D3D008BA1DB /* PresentingViewController.swift in Sources */ = {isa = PBXBuildFile; fileRef = ADF36E2627537D3D008BA1DB /* PresentingViewController.swift */; };
		ADF36E2927537D3D008BA1DB /* PresentingViewController.xib in Resources */ = {isa = PBXBuildFile; fileRef = ADF36E2727537D3D008BA1DB /* PresentingViewController.xib */; };
		ADF36E2C27537D49008BA1DB /* PresentedViewController.swift in Sources */ = {isa = PBXBuildFile; fileRef = ADF36E2A27537D49008BA1DB /* PresentedViewController.swift */; };
		ADF36E2D27537D49008BA1DB /* PresentedViewController.xib in Resources */ = {isa = PBXBuildFile; fileRef = ADF36E2B27537D49008BA1DB /* PresentedViewController.xib */; };
		ADFCE2202AF4E9D900B878C1 /* ObservedTextView.swift in Sources */ = {isa = PBXBuildFile; fileRef = ADFCE21F2AF4E9D900B878C1 /* ObservedTextView.swift */; };
		ADFCE2222AF4EA0300B878C1 /* ObservedTextField.swift in Sources */ = {isa = PBXBuildFile; fileRef = ADFCE2212AF4EA0300B878C1 /* ObservedTextField.swift */; };
/* End PBXBuildFile section */

/* Begin PBXFileReference section */
		AD27A13B2876B20900CA646A /* GradeTestViewController.swift */ = {isa = PBXFileReference; lastKnownFileType = sourcecode.swift; path = GradeTestViewController.swift; sourceTree = "<group>"; };
		AD27A13C2876B20900CA646A /* GradeTestViewController.xib */ = {isa = PBXFileReference; lastKnownFileType = file.xib; path = GradeTestViewController.xib; sourceTree = "<group>"; };
		AD351796275721E800D1721B /* Jasmine.podspec */ = {isa = PBXFileReference; lastKnownFileType = text; path = Jasmine.podspec; sourceTree = SOURCE_ROOT; };
		AD5E85ED2A7C888100343D7B /* NestedScrollView.swift */ = {isa = PBXFileReference; lastKnownFileType = sourcecode.swift; path = NestedScrollView.swift; sourceTree = "<group>"; };
		AD5E85F02A7C892700343D7B /* NestedScrollViewTestViewController.swift */ = {isa = PBXFileReference; lastKnownFileType = sourcecode.swift; path = NestedScrollViewTestViewController.swift; sourceTree = "<group>"; };
		AD5E85F12A7C892700343D7B /* NestedScrollViewTestViewController.xib */ = {isa = PBXFileReference; lastKnownFileType = file.xib; path = NestedScrollViewTestViewController.xib; sourceTree = "<group>"; };
		AD63D1BD2760CA7600F19301 /* DashView.swift */ = {isa = PBXFileReference; lastKnownFileType = sourcecode.swift; path = DashView.swift; sourceTree = "<group>"; };
		AD63D1C02760CEBB00F19301 /* DashTestViewController.swift */ = {isa = PBXFileReference; lastKnownFileType = sourcecode.swift; path = DashTestViewController.swift; sourceTree = "<group>"; };
		AD63D1C12760CEBB00F19301 /* DashTestViewController.xib */ = {isa = PBXFileReference; lastKnownFileType = file.xib; path = DashTestViewController.xib; sourceTree = "<group>"; };
		AD63D1C42763751E00F19301 /* RoundView.swift */ = {isa = PBXFileReference; lastKnownFileType = sourcecode.swift; path = RoundView.swift; sourceTree = "<group>"; };
		AD63D1C727637A3F00F19301 /* RoundViewTestViewController.swift */ = {isa = PBXFileReference; lastKnownFileType = sourcecode.swift; path = RoundViewTestViewController.swift; sourceTree = "<group>"; };
		AD63D1C827637A3F00F19301 /* RoundViewTestViewController.xib */ = {isa = PBXFileReference; lastKnownFileType = file.xib; path = RoundViewTestViewController.xib; sourceTree = "<group>"; };
		AD897CA5289F7DBF00EAB0BA /* JustWork.swift */ = {isa = PBXFileReference; lastKnownFileType = sourcecode.swift; path = JustWork.swift; sourceTree = "<group>"; };
		AD897CA7289F816800EAB0BA /* WKUserContentController+Handler.swift */ = {isa = PBXFileReference; lastKnownFileType = sourcecode.swift; path = "WKUserContentController+Handler.swift"; sourceTree = "<group>"; };
		AD897CA9289F87BE00EAB0BA /* WeakObjects.swift */ = {isa = PBXFileReference; lastKnownFileType = sourcecode.swift; path = WeakObjects.swift; sourceTree = "<group>"; };
		AD897CAB289F8A1E00EAB0BA /* Autorelease.swift */ = {isa = PBXFileReference; lastKnownFileType = sourcecode.swift; path = Autorelease.swift; sourceTree = "<group>"; };
		AD8CDF2B2A85DC280092C732 /* UIStackView+Tools.swift */ = {isa = PBXFileReference; lastKnownFileType = sourcecode.swift; path = "UIStackView+Tools.swift"; sourceTree = "<group>"; };
		AD8E0D21287173830016DD2F /* UIImage+Transform.swift */ = {isa = PBXFileReference; lastKnownFileType = sourcecode.swift; path = "UIImage+Transform.swift"; sourceTree = "<group>"; };
		AD8E0D23287173BA0016DD2F /* UIImage+Inits.swift */ = {isa = PBXFileReference; lastKnownFileType = sourcecode.swift; path = "UIImage+Inits.swift"; sourceTree = "<group>"; };
		AD8E0D322873EEFF0016DD2F /* StepperTestViewController.swift */ = {isa = PBXFileReference; lastKnownFileType = sourcecode.swift; path = StepperTestViewController.swift; sourceTree = "<group>"; };
		AD8E0D332873EEFF0016DD2F /* StepperTestViewController.xib */ = {isa = PBXFileReference; lastKnownFileType = file.xib; path = StepperTestViewController.xib; sourceTree = "<group>"; };
		AD8E0D372873EF480016DD2F /* UIImageTransformTestViewController.swift */ = {isa = PBXFileReference; lastKnownFileType = sourcecode.swift; path = UIImageTransformTestViewController.swift; sourceTree = "<group>"; };
		AD8E0D382873EF480016DD2F /* UIImageTransformTestViewController.xib */ = {isa = PBXFileReference; lastKnownFileType = file.xib; path = UIImageTransformTestViewController.xib; sourceTree = "<group>"; };
		AD8EF01028DE9DC80069E714 /* CollectionViewTagLayout.swift */ = {isa = PBXFileReference; lastKnownFileType = sourcecode.swift; path = CollectionViewTagLayout.swift; sourceTree = "<group>"; };
		AD8EF01328DEB5B70069E714 /* TagLayoutTestViewController.swift */ = {isa = PBXFileReference; lastKnownFileType = sourcecode.swift; path = TagLayoutTestViewController.swift; sourceTree = "<group>"; };
		AD8EF01428DEB5B70069E714 /* TagLayoutTestViewController.xib */ = {isa = PBXFileReference; lastKnownFileType = file.xib; path = TagLayoutTestViewController.xib; sourceTree = "<group>"; };
		ADA452E1275B9E6200C15377 /* Stepper.swift */ = {isa = PBXFileReference; fileEncoding = 4; lastKnownFileType = sourcecode.swift; path = Stepper.swift; sourceTree = "<group>"; };
		ADB527D8286E8B03009ADAD5 /* String+Verify.swift */ = {isa = PBXFileReference; lastKnownFileType = sourcecode.swift; path = "String+Verify.swift"; sourceTree = "<group>"; };
		ADB527DA286E8BDA009ADAD5 /* String+Sub.swift */ = {isa = PBXFileReference; lastKnownFileType = sourcecode.swift; path = "String+Sub.swift"; sourceTree = "<group>"; };
		ADB71300276C73CC008AE7DE /* CollectionViewFlowLayout.swift */ = {isa = PBXFileReference; lastKnownFileType = sourcecode.swift; path = CollectionViewFlowLayout.swift; sourceTree = "<group>"; };
		ADB71303276C75C5008AE7DE /* FlowLayoutTestViewController.swift */ = {isa = PBXFileReference; lastKnownFileType = sourcecode.swift; path = FlowLayoutTestViewController.swift; sourceTree = "<group>"; };
		ADB71304276C75C5008AE7DE /* FlowLayoutTestViewController.xib */ = {isa = PBXFileReference; lastKnownFileType = file.xib; path = FlowLayoutTestViewController.xib; sourceTree = "<group>"; };
		ADC43890286BF3BB00B43412 /* UIView+Layout.swift */ = {isa = PBXFileReference; lastKnownFileType = sourcecode.swift; path = "UIView+Layout.swift"; sourceTree = "<group>"; };
		ADCC89A02754946300912771 /* UITableView+Tools.swift */ = {isa = PBXFileReference; lastKnownFileType = sourcecode.swift; path = "UITableView+Tools.swift"; sourceTree = "<group>"; };
		ADCC89A32754982800912771 /* CacheHeightViewController.swift */ = {isa = PBXFileReference; lastKnownFileType = sourcecode.swift; path = CacheHeightViewController.swift; sourceTree = "<group>"; };
		ADCC89A42754982800912771 /* CacheHeightViewController.xib */ = {isa = PBXFileReference; lastKnownFileType = file.xib; path = CacheHeightViewController.xib; sourceTree = "<group>"; };
		ADCC89A7275498C200912771 /* CacheTableViewCell.swift */ = {isa = PBXFileReference; lastKnownFileType = sourcecode.swift; path = CacheTableViewCell.swift; sourceTree = "<group>"; };
		ADCC89A8275498C200912771 /* CacheTableViewCell.xib */ = {isa = PBXFileReference; lastKnownFileType = file.xib; path = CacheTableViewCell.xib; sourceTree = "<group>"; };
		ADCDE4CB283F847600B188B2 /* UICollectionView+Tools.swift */ = {isa = PBXFileReference; lastKnownFileType = sourcecode.swift; path = "UICollectionView+Tools.swift"; sourceTree = "<group>"; };
		ADED6FCA29E92A6C00308406 /* SpaceLabel.swift */ = {isa = PBXFileReference; lastKnownFileType = sourcecode.swift; path = SpaceLabel.swift; sourceTree = "<group>"; };
		ADED6FCC29E92B8E00308406 /* URL+Tools.swift */ = {isa = PBXFileReference; lastKnownFileType = sourcecode.swift; path = "URL+Tools.swift"; sourceTree = "<group>"; };
		ADEFCFD42806BB59002139DC /* UIBarButtonItem+Handler.swift */ = {isa = PBXFileReference; fileEncoding = 4; lastKnownFileType = sourcecode.swift; path = "UIBarButtonItem+Handler.swift"; sourceTree = "<group>"; };
		ADEFCFD52806BB59002139DC /* UIGestureRecognizer+Handler.swift */ = {isa = PBXFileReference; fileEncoding = 4; lastKnownFileType = sourcecode.swift; path = "UIGestureRecognizer+Handler.swift"; sourceTree = "<group>"; };
		ADEFCFD62806BB59002139DC /* UIControll+Handler.swift */ = {isa = PBXFileReference; fileEncoding = 4; lastKnownFileType = sourcecode.swift; path = "UIControll+Handler.swift"; sourceTree = "<group>"; };
		ADF36D902750FCA1008BA1DB /* Jasmine.app */ = {isa = PBXFileReference; explicitFileType = wrapper.application; includeInIndex = 0; path = Jasmine.app; sourceTree = BUILT_PRODUCTS_DIR; };
		ADF36D932750FCA1008BA1DB /* AppDelegate.swift */ = {isa = PBXFileReference; lastKnownFileType = sourcecode.swift; path = AppDelegate.swift; sourceTree = "<group>"; };
		ADF36D972750FCA1008BA1DB /* ViewController.swift */ = {isa = PBXFileReference; lastKnownFileType = sourcecode.swift; path = ViewController.swift; sourceTree = "<group>"; };
		ADF36D9A2750FCA1008BA1DB /* Base */ = {isa = PBXFileReference; lastKnownFileType = file.storyboard; name = Base; path = Base.lproj/Main.storyboard; sourceTree = "<group>"; };
		ADF36D9C2750FCA3008BA1DB /* Assets.xcassets */ = {isa = PBXFileReference; lastKnownFileType = folder.assetcatalog; path = Assets.xcassets; sourceTree = "<group>"; };
		ADF36D9F2750FCA3008BA1DB /* Base */ = {isa = PBXFileReference; lastKnownFileType = file.storyboard; name = Base; path = Base.lproj/LaunchScreen.storyboard; sourceTree = "<group>"; };
		ADF36DA12750FCA3008BA1DB /* Info.plist */ = {isa = PBXFileReference; lastKnownFileType = text.plist.xml; path = Info.plist; sourceTree = "<group>"; };
		ADF36DA92750FE1A008BA1DB /* OrientationButton.swift */ = {isa = PBXFileReference; fileEncoding = 4; lastKnownFileType = sourcecode.swift; path = OrientationButton.swift; sourceTree = "<group>"; };
		ADF36DAA2750FE1A008BA1DB /* StarGradeView.swift */ = {isa = PBXFileReference; fileEncoding = 4; lastKnownFileType = sourcecode.swift; path = StarGradeView.swift; sourceTree = "<group>"; };
		ADF36DAB2750FE1A008BA1DB /* UIImage+Tools.swift */ = {isa = PBXFileReference; fileEncoding = 4; lastKnownFileType = sourcecode.swift; path = "UIImage+Tools.swift"; sourceTree = "<group>"; };
		ADF36DAC2750FE1A008BA1DB /* String+Tools.swift */ = {isa = PBXFileReference; fileEncoding = 4; lastKnownFileType = sourcecode.swift; path = "String+Tools.swift"; sourceTree = "<group>"; };
		ADF36DAD2750FE1A008BA1DB /* FileManager+Tools.swift */ = {isa = PBXFileReference; fileEncoding = 4; lastKnownFileType = sourcecode.swift; path = "FileManager+Tools.swift"; sourceTree = "<group>"; };
		ADF36DAE2750FE1A008BA1DB /* Date+Tools.swift */ = {isa = PBXFileReference; fileEncoding = 4; lastKnownFileType = sourcecode.swift; path = "Date+Tools.swift"; sourceTree = "<group>"; };
		ADF36DAF2750FE1A008BA1DB /* Double+Tools.swift */ = {isa = PBXFileReference; fileEncoding = 4; lastKnownFileType = sourcecode.swift; path = "Double+Tools.swift"; sourceTree = "<group>"; };
		ADF36DB02750FE1A008BA1DB /* UICollectionViewCell+Tools.swift */ = {isa = PBXFileReference; fileEncoding = 4; lastKnownFileType = sourcecode.swift; path = "UICollectionViewCell+Tools.swift"; sourceTree = "<group>"; };
		ADF36DB12750FE1A008BA1DB /* UINavigationController+Tools.swift */ = {isa = PBXFileReference; fileEncoding = 4; lastKnownFileType = sourcecode.swift; path = "UINavigationController+Tools.swift"; sourceTree = "<group>"; };
		ADF36DB22750FE1A008BA1DB /* UIViewController+Tools.swift */ = {isa = PBXFileReference; fileEncoding = 4; lastKnownFileType = sourcecode.swift; path = "UIViewController+Tools.swift"; sourceTree = "<group>"; };
		ADF36DB42750FE1A008BA1DB /* UIView+Tools.swift */ = {isa = PBXFileReference; fileEncoding = 4; lastKnownFileType = sourcecode.swift; path = "UIView+Tools.swift"; sourceTree = "<group>"; };
		ADF36DB52750FE1A008BA1DB /* NSObject+Tools.swift */ = {isa = PBXFileReference; fileEncoding = 4; lastKnownFileType = sourcecode.swift; path = "NSObject+Tools.swift"; sourceTree = "<group>"; };
		ADF36DB62750FE1A008BA1DB /* UIColor+Tools.swift */ = {isa = PBXFileReference; fileEncoding = 4; lastKnownFileType = sourcecode.swift; path = "UIColor+Tools.swift"; sourceTree = "<group>"; };
		ADF36DB72750FE1A008BA1DB /* UITableViewCell+Tools.swift */ = {isa = PBXFileReference; fileEncoding = 4; lastKnownFileType = sourcecode.swift; path = "UITableViewCell+Tools.swift"; sourceTree = "<group>"; };
		ADF36E1527523FE2008BA1DB /* KeychainViewController.swift */ = {isa = PBXFileReference; lastKnownFileType = sourcecode.swift; path = KeychainViewController.swift; sourceTree = "<group>"; };
		ADF36E1627523FE2008BA1DB /* KeychainViewController.xib */ = {isa = PBXFileReference; lastKnownFileType = file.xib; path = KeychainViewController.xib; sourceTree = "<group>"; };
		ADF36E192752406F008BA1DB /* Keychain.swift */ = {isa = PBXFileReference; fileEncoding = 4; lastKnownFileType = sourcecode.swift; path = Keychain.swift; sourceTree = "<group>"; };
		ADF36E2227537258008BA1DB /* ModelAnimator.swift */ = {isa = PBXFileReference; lastKnownFileType = sourcecode.swift; path = ModelAnimator.swift; sourceTree = "<group>"; };
		ADF36E2627537D3D008BA1DB /* PresentingViewController.swift */ = {isa = PBXFileReference; lastKnownFileType = sourcecode.swift; path = PresentingViewController.swift; sourceTree = "<group>"; };
		ADF36E2727537D3D008BA1DB /* PresentingViewController.xib */ = {isa = PBXFileReference; lastKnownFileType = file.xib; path = PresentingViewController.xib; sourceTree = "<group>"; };
		ADF36E2A27537D49008BA1DB /* PresentedViewController.swift */ = {isa = PBXFileReference; lastKnownFileType = sourcecode.swift; path = PresentedViewController.swift; sourceTree = "<group>"; };
		ADF36E2B27537D49008BA1DB /* PresentedViewController.xib */ = {isa = PBXFileReference; lastKnownFileType = file.xib; path = PresentedViewController.xib; sourceTree = "<group>"; };
		ADFCE21F2AF4E9D900B878C1 /* ObservedTextView.swift */ = {isa = PBXFileReference; lastKnownFileType = sourcecode.swift; path = ObservedTextView.swift; sourceTree = "<group>"; };
		ADFCE2212AF4EA0300B878C1 /* ObservedTextField.swift */ = {isa = PBXFileReference; lastKnownFileType = sourcecode.swift; path = ObservedTextField.swift; sourceTree = "<group>"; };
/* End PBXFileReference section */

/* Begin PBXFrameworksBuildPhase section */
		ADF36D8D2750FCA1008BA1DB /* Frameworks */ = {
			isa = PBXFrameworksBuildPhase;
			buildActionMask = 2147483647;
			files = (
			);
			runOnlyForDeploymentPostprocessing = 0;
		};
/* End PBXFrameworksBuildPhase section */

/* Begin PBXGroup section */
		AD27A13A2876B1E300CA646A /* 自定义评分控件 */ = {
			isa = PBXGroup;
			children = (
				AD27A13B2876B20900CA646A /* GradeTestViewController.swift */,
				AD27A13C2876B20900CA646A /* GradeTestViewController.xib */,
			);
			path = "自定义评分控件";
			sourceTree = "<group>";
		};
		AD5E85EF2A7C88EC00343D7B /* New Group */ = {
			isa = PBXGroup;
			children = (
				AD5E85F02A7C892700343D7B /* NestedScrollViewTestViewController.swift */,
				AD5E85F12A7C892700343D7B /* NestedScrollViewTestViewController.xib */,
			);
			path = "New Group";
			sourceTree = "<group>";
		};
		AD63D1BF2760CE9B00F19301 /* 自定义虚线视图DashView */ = {
			isa = PBXGroup;
			children = (
				AD63D1C02760CEBB00F19301 /* DashTestViewController.swift */,
				AD63D1C12760CEBB00F19301 /* DashTestViewController.xib */,
			);
			path = "自定义虚线视图DashView";
			sourceTree = "<group>";
		};
		AD63D1C6276379DF00F19301 /* 自定义UIView每个圆角大小RoundView */ = {
			isa = PBXGroup;
			children = (
				AD63D1C727637A3F00F19301 /* RoundViewTestViewController.swift */,
				AD63D1C827637A3F00F19301 /* RoundViewTestViewController.xib */,
			);
			path = "自定义UIView每个圆角大小RoundView";
			sourceTree = "<group>";
		};
		AD8E0D312873EEB40016DD2F /* 自定义 Stepper */ = {
			isa = PBXGroup;
			children = (
				AD8E0D322873EEFF0016DD2F /* StepperTestViewController.swift */,
				AD8E0D332873EEFF0016DD2F /* StepperTestViewController.xib */,
			);
			path = "自定义 Stepper";
			sourceTree = "<group>";
		};
		AD8E0D362873EF030016DD2F /* UIImage+Transform 测试 */ = {
			isa = PBXGroup;
			children = (
				AD8E0D372873EF480016DD2F /* UIImageTransformTestViewController.swift */,
				AD8E0D382873EF480016DD2F /* UIImageTransformTestViewController.xib */,
			);
			path = "UIImage+Transform 测试";
			sourceTree = "<group>";
		};
		AD8EF01228DEB56F0069E714 /* 标签样式CollectionViewTagLayout */ = {
			isa = PBXGroup;
			children = (
				AD8EF01328DEB5B70069E714 /* TagLayoutTestViewController.swift */,
				AD8EF01428DEB5B70069E714 /* TagLayoutTestViewController.xib */,
			);
			path = "标签样式CollectionViewTagLayout";
			sourceTree = "<group>";
		};
		ADB71302276C7589008AE7DE /* 自定义UICollectionViewFlowLayout  */ = {
			isa = PBXGroup;
			children = (
				ADB71303276C75C5008AE7DE /* FlowLayoutTestViewController.swift */,
				ADB71304276C75C5008AE7DE /* FlowLayoutTestViewController.xib */,
			);
			path = "自定义UICollectionViewFlowLayout ";
			sourceTree = "<group>";
		};
		ADCC89A2275497F700912771 /* 缓存UITableView 高度 */ = {
			isa = PBXGroup;
			children = (
				ADCC89A32754982800912771 /* CacheHeightViewController.swift */,
				ADCC89A42754982800912771 /* CacheHeightViewController.xib */,
				ADCC89A7275498C200912771 /* CacheTableViewCell.swift */,
				ADCC89A8275498C200912771 /* CacheTableViewCell.xib */,
			);
			path = "缓存UITableView 高度";
			sourceTree = "<group>";
		};
		ADF36D872750FCA1008BA1DB = {
			isa = PBXGroup;
			children = (
				ADF36D922750FCA1008BA1DB /* Jasmine */,
				ADF36D912750FCA1008BA1DB /* Products */,
			);
			sourceTree = "<group>";
		};
		ADF36D912750FCA1008BA1DB /* Products */ = {
			isa = PBXGroup;
			children = (
				ADF36D902750FCA1008BA1DB /* Jasmine.app */,
			);
			name = Products;
			sourceTree = "<group>";
		};
		ADF36D922750FCA1008BA1DB /* Jasmine */ = {
			isa = PBXGroup;
			children = (
				ADF36DA72750FD8A008BA1DB /* Source Files */,
				ADF36E1427523FB2008BA1DB /* Test */,
				ADF36D932750FCA1008BA1DB /* AppDelegate.swift */,
				ADF36D972750FCA1008BA1DB /* ViewController.swift */,
				AD351796275721E800D1721B /* Jasmine.podspec */,
				ADF36D992750FCA1008BA1DB /* Main.storyboard */,
				ADF36D9C2750FCA3008BA1DB /* Assets.xcassets */,
				ADF36D9E2750FCA3008BA1DB /* LaunchScreen.storyboard */,
				ADF36DA12750FCA3008BA1DB /* Info.plist */,
			);
			path = Jasmine;
			sourceTree = "<group>";
		};
		ADF36DA72750FD8A008BA1DB /* Source Files */ = {
			isa = PBXGroup;
			children = (
				ADF9BC01286197F500A5E16E /* Category */,
				ADF9BC022861980400A5E16E /* Foundation */,
			);
			path = "Source Files";
			sourceTree = "<group>";
		};
		ADF36E1427523FB2008BA1DB /* Test */ = {
			isa = PBXGroup;
			children = (
				AD5E85EF2A7C88EC00343D7B /* New Group */,
				AD8EF01228DEB56F0069E714 /* 标签样式CollectionViewTagLayout */,
				AD27A13A2876B1E300CA646A /* 自定义评分控件 */,
				AD8E0D362873EF030016DD2F /* UIImage+Transform 测试 */,
				AD8E0D312873EEB40016DD2F /* 自定义 Stepper */,
				ADB71302276C7589008AE7DE /* 自定义UICollectionViewFlowLayout  */,
				AD63D1C6276379DF00F19301 /* 自定义UIView每个圆角大小RoundView */,
				AD63D1BF2760CE9B00F19301 /* 自定义虚线视图DashView */,
				ADCC89A2275497F700912771 /* 缓存UITableView 高度 */,
				ADF36E2527537D10008BA1DB /* ModelAnimator */,
				ADF36E2427537D04008BA1DB /* Keychain */,
			);
			path = Test;
			sourceTree = "<group>";
		};
		ADF36E2427537D04008BA1DB /* Keychain */ = {
			isa = PBXGroup;
			children = (
				ADF36E1527523FE2008BA1DB /* KeychainViewController.swift */,
				ADF36E1627523FE2008BA1DB /* KeychainViewController.xib */,
			);
			path = Keychain;
			sourceTree = "<group>";
		};
		ADF36E2527537D10008BA1DB /* ModelAnimator */ = {
			isa = PBXGroup;
			children = (
				ADF36E2627537D3D008BA1DB /* PresentingViewController.swift */,
				ADF36E2727537D3D008BA1DB /* PresentingViewController.xib */,
				ADF36E2A27537D49008BA1DB /* PresentedViewController.swift */,
				ADF36E2B27537D49008BA1DB /* PresentedViewController.xib */,
			);
			path = ModelAnimator;
			sourceTree = "<group>";
		};
		ADF9BC01286197F500A5E16E /* Category */ = {
			isa = PBXGroup;
			children = (
				ADF36DAF2750FE1A008BA1DB /* Double+Tools.swift */,
				ADF36DAE2750FE1A008BA1DB /* Date+Tools.swift */,
				ADF36DB52750FE1A008BA1DB /* NSObject+Tools.swift */,
				ADF36DB62750FE1A008BA1DB /* UIColor+Tools.swift */,
				ADED6FCC29E92B8E00308406 /* URL+Tools.swift */,
				AD8CDF2B2A85DC280092C732 /* UIStackView+Tools.swift */,
				ADF36DB72750FE1A008BA1DB /* UITableViewCell+Tools.swift */,
				ADF36DB02750FE1A008BA1DB /* UICollectionViewCell+Tools.swift */,
				ADCC89A02754946300912771 /* UITableView+Tools.swift */,
				ADCDE4CB283F847600B188B2 /* UICollectionView+Tools.swift */,
				ADEFCFD42806BB59002139DC /* UIBarButtonItem+Handler.swift */,
				ADEFCFD62806BB59002139DC /* UIControll+Handler.swift */,
				ADEFCFD52806BB59002139DC /* UIGestureRecognizer+Handler.swift */,
				AD897CA7289F816800EAB0BA /* WKUserContentController+Handler.swift */,
				ADF36DB22750FE1A008BA1DB /* UIViewController+Tools.swift */,
				ADF36DB12750FE1A008BA1DB /* UINavigationController+Tools.swift */,
				ADF36DAD2750FE1A008BA1DB /* FileManager+Tools.swift */,
				ADC43890286BF3BB00B43412 /* UIView+Layout.swift */,
				ADF36DB42750FE1A008BA1DB /* UIView+Tools.swift */,
				ADB527D8286E8B03009ADAD5 /* String+Verify.swift */,
				ADB527DA286E8BDA009ADAD5 /* String+Sub.swift */,
				ADF36DAC2750FE1A008BA1DB /* String+Tools.swift */,
				AD8E0D23287173BA0016DD2F /* UIImage+Inits.swift */,
				AD8E0D21287173830016DD2F /* UIImage+Transform.swift */,
				ADF36DAB2750FE1A008BA1DB /* UIImage+Tools.swift */,
			);
			path = Category;
			sourceTree = "<group>";
		};
		ADF9BC022861980400A5E16E /* Foundation */ = {
			isa = PBXGroup;
			children = (
				ADF36DAA2750FE1A008BA1DB /* StarGradeView.swift */,
				ADA452E1275B9E6200C15377 /* Stepper.swift */,
				ADF36E192752406F008BA1DB /* Keychain.swift */,
				ADF36E2227537258008BA1DB /* ModelAnimator.swift */,
				ADED6FCA29E92A6C00308406 /* SpaceLabel.swift */,
				ADFCE21F2AF4E9D900B878C1 /* ObservedTextView.swift */,
				ADFCE2212AF4EA0300B878C1 /* ObservedTextField.swift */,
				ADF36DA92750FE1A008BA1DB /* OrientationButton.swift */,
				AD63D1BD2760CA7600F19301 /* DashView.swift */,
				AD63D1C42763751E00F19301 /* RoundView.swift */,
				ADB71300276C73CC008AE7DE /* CollectionViewFlowLayout.swift */,
				AD8EF01028DE9DC80069E714 /* CollectionViewTagLayout.swift */,
				AD897CA5289F7DBF00EAB0BA /* JustWork.swift */,
				AD897CA9289F87BE00EAB0BA /* WeakObjects.swift */,
				AD897CAB289F8A1E00EAB0BA /* Autorelease.swift */,
				AD5E85ED2A7C888100343D7B /* NestedScrollView.swift */,
			);
			path = Foundation;
			sourceTree = "<group>";
		};
/* End PBXGroup section */

/* Begin PBXNativeTarget section */
		ADF36D8F2750FCA1008BA1DB /* Jasmine */ = {
			isa = PBXNativeTarget;
			buildConfigurationList = ADF36DA42750FCA3008BA1DB /* Build configuration list for PBXNativeTarget "Jasmine" */;
			buildPhases = (
				ADF36D8C2750FCA1008BA1DB /* Sources */,
				ADF36D8D2750FCA1008BA1DB /* Frameworks */,
				ADF36D8E2750FCA1008BA1DB /* Resources */,
			);
			buildRules = (
			);
			dependencies = (
			);
			name = Jasmine;
			productName = Jasmine;
			productReference = ADF36D902750FCA1008BA1DB /* Jasmine.app */;
			productType = "com.apple.product-type.application";
		};
/* End PBXNativeTarget section */

/* Begin PBXProject section */
		ADF36D882750FCA1008BA1DB /* Project object */ = {
			isa = PBXProject;
			attributes = {
				BuildIndependentTargetsInParallel = 1;
				LastSwiftUpdateCheck = 1310;
				LastUpgradeCheck = 1310;
				TargetAttributes = {
					ADF36D8F2750FCA1008BA1DB = {
						CreatedOnToolsVersion = 13.1;
					};
				};
			};
			buildConfigurationList = ADF36D8B2750FCA1008BA1DB /* Build configuration list for PBXProject "Jasmine" */;
			compatibilityVersion = "Xcode 13.0";
			developmentRegion = en;
			hasScannedForEncodings = 0;
			knownRegions = (
				en,
				Base,
			);
			mainGroup = ADF36D872750FCA1008BA1DB;
			productRefGroup = ADF36D912750FCA1008BA1DB /* Products */;
			projectDirPath = "";
			projectRoot = "";
			targets = (
				ADF36D8F2750FCA1008BA1DB /* Jasmine */,
			);
		};
/* End PBXProject section */

/* Begin PBXResourcesBuildPhase section */
		ADF36D8E2750FCA1008BA1DB /* Resources */ = {
			isa = PBXResourcesBuildPhase;
			buildActionMask = 2147483647;
			files = (
				ADF36DA02750FCA3008BA1DB /* LaunchScreen.storyboard in Resources */,
				ADCC89A62754982800912771 /* CacheHeightViewController.xib in Resources */,
				ADF36E2D27537D49008BA1DB /* PresentedViewController.xib in Resources */,
				AD8E0D352873EEFF0016DD2F /* StepperTestViewController.xib in Resources */,
				AD63D1CA27637A3F00F19301 /* RoundViewTestViewController.xib in Resources */,
				AD351797275721E800D1721B /* Jasmine.podspec in Resources */,
				AD5E85F32A7C892700343D7B /* NestedScrollViewTestViewController.xib in Resources */,
				AD63D1C32760CEBB00F19301 /* DashTestViewController.xib in Resources */,
				ADF36E2927537D3D008BA1DB /* PresentingViewController.xib in Resources */,
				ADF36D9D2750FCA3008BA1DB /* Assets.xcassets in Resources */,
				AD8EF01628DEB5B70069E714 /* TagLayoutTestViewController.xib in Resources */,
				AD8E0D3A2873EF480016DD2F /* UIImageTransformTestViewController.xib in Resources */,
				ADB71306276C75C5008AE7DE /* FlowLayoutTestViewController.xib in Resources */,
				ADF36E1827523FE2008BA1DB /* KeychainViewController.xib in Resources */,
				ADCC89AA275498C200912771 /* CacheTableViewCell.xib in Resources */,
				ADF36D9B2750FCA1008BA1DB /* Main.storyboard in Resources */,
				AD27A13E2876B20900CA646A /* GradeTestViewController.xib in Resources */,
			);
			runOnlyForDeploymentPostprocessing = 0;
		};
/* End PBXResourcesBuildPhase section */

/* Begin PBXSourcesBuildPhase section */
		ADF36D8C2750FCA1008BA1DB /* Sources */ = {
			isa = PBXSourcesBuildPhase;
			buildActionMask = 2147483647;
			files = (
				ADED6FCD29E92B8E00308406 /* URL+Tools.swift in Sources */,
				ADEFCFD82806BB59002139DC /* UIGestureRecognizer+Handler.swift in Sources */,
				AD5E85EE2A7C888100343D7B /* NestedScrollView.swift in Sources */,
				AD8E0D24287173BA0016DD2F /* UIImage+Inits.swift in Sources */,
				ADF36DBA2750FE1A008BA1DB /* StarGradeView.swift in Sources */,
				ADF36DBD2750FE1A008BA1DB /* FileManager+Tools.swift in Sources */,
				AD897CA8289F816800EAB0BA /* WKUserContentController+Handler.swift in Sources */,
				ADED6FCB29E92A6C00308406 /* SpaceLabel.swift in Sources */,
				ADF36DC42750FE1A008BA1DB /* UIView+Tools.swift in Sources */,
				AD8CDF2C2A85DC280092C732 /* UIStackView+Tools.swift in Sources */,
				ADF36DC52750FE1A008BA1DB /* NSObject+Tools.swift in Sources */,
				AD63D1BE2760CA7600F19301 /* DashView.swift in Sources */,
				ADF36DBE2750FE1A008BA1DB /* Date+Tools.swift in Sources */,
				ADF36DBF2750FE1A008BA1DB /* Double+Tools.swift in Sources */,
				ADA452E2275B9E6200C15377 /* Stepper.swift in Sources */,
				ADF36DC72750FE1A008BA1DB /* UITableViewCell+Tools.swift in Sources */,
				AD63D1C927637A3F00F19301 /* RoundViewTestViewController.swift in Sources */,
				AD5E85F22A7C892700343D7B /* NestedScrollViewTestViewController.swift in Sources */,
				ADCC89A52754982800912771 /* CacheHeightViewController.swift in Sources */,
				ADF36DBC2750FE1A008BA1DB /* String+Tools.swift in Sources */,
				AD897CA6289F7DBF00EAB0BA /* JustWork.swift in Sources */,
				ADFCE2222AF4EA0300B878C1 /* ObservedTextField.swift in Sources */,
				ADF36E1A2752406F008BA1DB /* Keychain.swift in Sources */,
				ADF36D982750FCA1008BA1DB /* ViewController.swift in Sources */,
				AD8E0D22287173830016DD2F /* UIImage+Transform.swift in Sources */,
				ADF36E2327537258008BA1DB /* ModelAnimator.swift in Sources */,
				ADF36E2827537D3D008BA1DB /* PresentingViewController.swift in Sources */,
				ADF36DB92750FE1A008BA1DB /* OrientationButton.swift in Sources */,
				ADCC89A9275498C200912771 /* CacheTableViewCell.swift in Sources */,
				AD8E0D392873EF480016DD2F /* UIImageTransformTestViewController.swift in Sources */,
				ADFCE2202AF4E9D900B878C1 /* ObservedTextView.swift in Sources */,
				ADB527D9286E8B03009ADAD5 /* String+Verify.swift in Sources */,
				AD8EF01128DE9DC80069E714 /* CollectionViewTagLayout.swift in Sources */,
				AD63D1C52763751E00F19301 /* RoundView.swift in Sources */,
				ADCC89A12754946300912771 /* UITableView+Tools.swift in Sources */,
				ADB71301276C73CC008AE7DE /* CollectionViewFlowLayout.swift in Sources */,
				ADB527DB286E8BDA009ADAD5 /* String+Sub.swift in Sources */,
				ADB71305276C75C5008AE7DE /* FlowLayoutTestViewController.swift in Sources */,
				AD27A13D2876B20900CA646A /* GradeTestViewController.swift in Sources */,
				ADF36DC22750FE1A008BA1DB /* UIViewController+Tools.swift in Sources */,
				ADF36E2C27537D49008BA1DB /* PresentedViewController.swift in Sources */,
				AD897CAC289F8A1E00EAB0BA /* Autorelease.swift in Sources */,
				ADF36E1727523FE2008BA1DB /* KeychainViewController.swift in Sources */,
				ADF36D942750FCA1008BA1DB /* AppDelegate.swift in Sources */,
				AD8E0D342873EEFF0016DD2F /* StepperTestViewController.swift in Sources */,
				ADF36DBB2750FE1A008BA1DB /* UIImage+Tools.swift in Sources */,
				AD63D1C22760CEBB00F19301 /* DashTestViewController.swift in Sources */,
				AD8EF01528DEB5B70069E714 /* TagLayoutTestViewController.swift in Sources */,
				ADEFCFD92806BB59002139DC /* UIControll+Handler.swift in Sources */,
				ADCDE4CC283F847600B188B2 /* UICollectionView+Tools.swift in Sources */,
				ADF36DC02750FE1A008BA1DB /* UICollectionViewCell+Tools.swift in Sources */,
				ADC43891286BF3BB00B43412 /* UIView+Layout.swift in Sources */,
				AD897CAA289F87BE00EAB0BA /* WeakObjects.swift in Sources */,
				ADF36DC62750FE1A008BA1DB /* UIColor+Tools.swift in Sources */,
				ADF36DC12750FE1A008BA1DB /* UINavigationController+Tools.swift in Sources */,
				ADEFCFD72806BB59002139DC /* UIBarButtonItem+Handler.swift in Sources */,
			);
			runOnlyForDeploymentPostprocessing = 0;
		};
/* End PBXSourcesBuildPhase section */

/* Begin PBXVariantGroup section */
		ADF36D992750FCA1008BA1DB /* Main.storyboard */ = {
			isa = PBXVariantGroup;
			children = (
				ADF36D9A2750FCA1008BA1DB /* Base */,
			);
			name = Main.storyboard;
			sourceTree = "<group>";
		};
		ADF36D9E2750FCA3008BA1DB /* LaunchScreen.storyboard */ = {
			isa = PBXVariantGroup;
			children = (
				ADF36D9F2750FCA3008BA1DB /* Base */,
			);
			name = LaunchScreen.storyboard;
			sourceTree = "<group>";
		};
/* End PBXVariantGroup section */

/* Begin XCBuildConfiguration section */
		ADF36DA22750FCA3008BA1DB /* Debug */ = {
			isa = XCBuildConfiguration;
			buildSettings = {
				ALWAYS_SEARCH_USER_PATHS = NO;
				CLANG_ANALYZER_NONNULL = YES;
				CLANG_ANALYZER_NUMBER_OBJECT_CONVERSION = YES_AGGRESSIVE;
				CLANG_CXX_LANGUAGE_STANDARD = "gnu++17";
				CLANG_CXX_LIBRARY = "libc++";
				CLANG_ENABLE_MODULES = YES;
				CLANG_ENABLE_OBJC_ARC = YES;
				CLANG_ENABLE_OBJC_WEAK = YES;
				CLANG_WARN_BLOCK_CAPTURE_AUTORELEASING = YES;
				CLANG_WARN_BOOL_CONVERSION = YES;
				CLANG_WARN_COMMA = YES;
				CLANG_WARN_CONSTANT_CONVERSION = YES;
				CLANG_WARN_DEPRECATED_OBJC_IMPLEMENTATIONS = YES;
				CLANG_WARN_DIRECT_OBJC_ISA_USAGE = YES_ERROR;
				CLANG_WARN_DOCUMENTATION_COMMENTS = YES;
				CLANG_WARN_EMPTY_BODY = YES;
				CLANG_WARN_ENUM_CONVERSION = YES;
				CLANG_WARN_INFINITE_RECURSION = YES;
				CLANG_WARN_INT_CONVERSION = YES;
				CLANG_WARN_NON_LITERAL_NULL_CONVERSION = YES;
				CLANG_WARN_OBJC_IMPLICIT_RETAIN_SELF = YES;
				CLANG_WARN_OBJC_LITERAL_CONVERSION = YES;
				CLANG_WARN_OBJC_ROOT_CLASS = YES_ERROR;
				CLANG_WARN_QUOTED_INCLUDE_IN_FRAMEWORK_HEADER = YES;
				CLANG_WARN_RANGE_LOOP_ANALYSIS = YES;
				CLANG_WARN_STRICT_PROTOTYPES = YES;
				CLANG_WARN_SUSPICIOUS_MOVE = YES;
				CLANG_WARN_UNGUARDED_AVAILABILITY = YES_AGGRESSIVE;
				CLANG_WARN_UNREACHABLE_CODE = YES;
				CLANG_WARN__DUPLICATE_METHOD_MATCH = YES;
				COPY_PHASE_STRIP = NO;
				DEBUG_INFORMATION_FORMAT = dwarf;
				ENABLE_STRICT_OBJC_MSGSEND = YES;
				ENABLE_TESTABILITY = YES;
				GCC_C_LANGUAGE_STANDARD = gnu11;
				GCC_DYNAMIC_NO_PIC = NO;
				GCC_NO_COMMON_BLOCKS = YES;
				GCC_OPTIMIZATION_LEVEL = 0;
				GCC_PREPROCESSOR_DEFINITIONS = (
					"DEBUG=1",
					"$(inherited)",
				);
				GCC_WARN_64_TO_32_BIT_CONVERSION = YES;
				GCC_WARN_ABOUT_RETURN_TYPE = YES_ERROR;
				GCC_WARN_UNDECLARED_SELECTOR = YES;
				GCC_WARN_UNINITIALIZED_AUTOS = YES_AGGRESSIVE;
				GCC_WARN_UNUSED_FUNCTION = YES;
				GCC_WARN_UNUSED_VARIABLE = YES;
				IPHONEOS_DEPLOYMENT_TARGET = 11.0;
				MTL_ENABLE_DEBUG_INFO = INCLUDE_SOURCE;
				MTL_FAST_MATH = YES;
				ONLY_ACTIVE_ARCH = YES;
				SDKROOT = iphoneos;
				SWIFT_ACTIVE_COMPILATION_CONDITIONS = DEBUG;
				SWIFT_OPTIMIZATION_LEVEL = "-Onone";
			};
			name = Debug;
		};
		ADF36DA32750FCA3008BA1DB /* Release */ = {
			isa = XCBuildConfiguration;
			buildSettings = {
				ALWAYS_SEARCH_USER_PATHS = NO;
				CLANG_ANALYZER_NONNULL = YES;
				CLANG_ANALYZER_NUMBER_OBJECT_CONVERSION = YES_AGGRESSIVE;
				CLANG_CXX_LANGUAGE_STANDARD = "gnu++17";
				CLANG_CXX_LIBRARY = "libc++";
				CLANG_ENABLE_MODULES = YES;
				CLANG_ENABLE_OBJC_ARC = YES;
				CLANG_ENABLE_OBJC_WEAK = YES;
				CLANG_WARN_BLOCK_CAPTURE_AUTORELEASING = YES;
				CLANG_WARN_BOOL_CONVERSION = YES;
				CLANG_WARN_COMMA = YES;
				CLANG_WARN_CONSTANT_CONVERSION = YES;
				CLANG_WARN_DEPRECATED_OBJC_IMPLEMENTATIONS = YES;
				CLANG_WARN_DIRECT_OBJC_ISA_USAGE = YES_ERROR;
				CLANG_WARN_DOCUMENTATION_COMMENTS = YES;
				CLANG_WARN_EMPTY_BODY = YES;
				CLANG_WARN_ENUM_CONVERSION = YES;
				CLANG_WARN_INFINITE_RECURSION = YES;
				CLANG_WARN_INT_CONVERSION = YES;
				CLANG_WARN_NON_LITERAL_NULL_CONVERSION = YES;
				CLANG_WARN_OBJC_IMPLICIT_RETAIN_SELF = YES;
				CLANG_WARN_OBJC_LITERAL_CONVERSION = YES;
				CLANG_WARN_OBJC_ROOT_CLASS = YES_ERROR;
				CLANG_WARN_QUOTED_INCLUDE_IN_FRAMEWORK_HEADER = YES;
				CLANG_WARN_RANGE_LOOP_ANALYSIS = YES;
				CLANG_WARN_STRICT_PROTOTYPES = YES;
				CLANG_WARN_SUSPICIOUS_MOVE = YES;
				CLANG_WARN_UNGUARDED_AVAILABILITY = YES_AGGRESSIVE;
				CLANG_WARN_UNREACHABLE_CODE = YES;
				CLANG_WARN__DUPLICATE_METHOD_MATCH = YES;
				COPY_PHASE_STRIP = NO;
				DEBUG_INFORMATION_FORMAT = "dwarf-with-dsym";
				ENABLE_NS_ASSERTIONS = NO;
				ENABLE_STRICT_OBJC_MSGSEND = YES;
				GCC_C_LANGUAGE_STANDARD = gnu11;
				GCC_NO_COMMON_BLOCKS = YES;
				GCC_WARN_64_TO_32_BIT_CONVERSION = YES;
				GCC_WARN_ABOUT_RETURN_TYPE = YES_ERROR;
				GCC_WARN_UNDECLARED_SELECTOR = YES;
				GCC_WARN_UNINITIALIZED_AUTOS = YES_AGGRESSIVE;
				GCC_WARN_UNUSED_FUNCTION = YES;
				GCC_WARN_UNUSED_VARIABLE = YES;
				IPHONEOS_DEPLOYMENT_TARGET = 11.0;
				MTL_ENABLE_DEBUG_INFO = NO;
				MTL_FAST_MATH = YES;
				SDKROOT = iphoneos;
				SWIFT_COMPILATION_MODE = wholemodule;
				SWIFT_OPTIMIZATION_LEVEL = "-O";
				VALIDATE_PRODUCT = YES;
			};
			name = Release;
		};
		ADF36DA52750FCA3008BA1DB /* Debug */ = {
			isa = XCBuildConfiguration;
			buildSettings = {
				ASSETCATALOG_COMPILER_APPICON_NAME = AppIcon;
				ASSETCATALOG_COMPILER_GLOBAL_ACCENT_COLOR_NAME = AccentColor;
				CODE_SIGN_STYLE = Automatic;
				CURRENT_PROJECT_VERSION = 1;
				DEVELOPMENT_TEAM = 3Z9M53XYF8;
				GENERATE_INFOPLIST_FILE = YES;
				INFOPLIST_FILE = Jasmine/Info.plist;
				INFOPLIST_KEY_UIApplicationSupportsIndirectInputEvents = YES;
				INFOPLIST_KEY_UILaunchStoryboardName = LaunchScreen;
				INFOPLIST_KEY_UIMainStoryboardFile = Main;
				INFOPLIST_KEY_UISupportedInterfaceOrientations = UIInterfaceOrientationPortrait;
				INFOPLIST_KEY_UISupportedInterfaceOrientations_iPad = "UIInterfaceOrientationPortrait UIInterfaceOrientationPortraitUpsideDown UIInterfaceOrientationLandscapeLeft UIInterfaceOrientationLandscapeRight";
				INFOPLIST_KEY_UISupportedInterfaceOrientations_iPhone = "UIInterfaceOrientationPortrait UIInterfaceOrientationLandscapeLeft UIInterfaceOrientationLandscapeRight";
				IPHONEOS_DEPLOYMENT_TARGET = 11.0;
				LD_RUNPATH_SEARCH_PATHS = (
					"$(inherited)",
					"@executable_path/Frameworks",
				);
				MARKETING_VERSION = 1.0;
				PRODUCT_BUNDLE_IDENTIFIER = cn.ebamboo.Jasmine;
				PRODUCT_NAME = "$(TARGET_NAME)";
				SWIFT_EMIT_LOC_STRINGS = YES;
				SWIFT_VERSION = 5.0;
				TARGETED_DEVICE_FAMILY = 1;
			};
			name = Debug;
		};
		ADF36DA62750FCA3008BA1DB /* Release */ = {
			isa = XCBuildConfiguration;
			buildSettings = {
				ASSETCATALOG_COMPILER_APPICON_NAME = AppIcon;
				ASSETCATALOG_COMPILER_GLOBAL_ACCENT_COLOR_NAME = AccentColor;
				CODE_SIGN_STYLE = Automatic;
				CURRENT_PROJECT_VERSION = 1;
				DEVELOPMENT_TEAM = 3Z9M53XYF8;
				GENERATE_INFOPLIST_FILE = YES;
				INFOPLIST_FILE = Jasmine/Info.plist;
				INFOPLIST_KEY_UIApplicationSupportsIndirectInputEvents = YES;
				INFOPLIST_KEY_UILaunchStoryboardName = LaunchScreen;
				INFOPLIST_KEY_UIMainStoryboardFile = Main;
				INFOPLIST_KEY_UISupportedInterfaceOrientations = UIInterfaceOrientationPortrait;
				INFOPLIST_KEY_UISupportedInterfaceOrientations_iPad = "UIInterfaceOrientationPortrait UIInterfaceOrientationPortraitUpsideDown UIInterfaceOrientationLandscapeLeft UIInterfaceOrientationLandscapeRight";
				INFOPLIST_KEY_UISupportedInterfaceOrientations_iPhone = "UIInterfaceOrientationPortrait UIInterfaceOrientationLandscapeLeft UIInterfaceOrientationLandscapeRight";
				IPHONEOS_DEPLOYMENT_TARGET = 11.0;
				LD_RUNPATH_SEARCH_PATHS = (
					"$(inherited)",
					"@executable_path/Frameworks",
				);
				MARKETING_VERSION = 1.0;
				PRODUCT_BUNDLE_IDENTIFIER = cn.ebamboo.Jasmine;
				PRODUCT_NAME = "$(TARGET_NAME)";
				SWIFT_EMIT_LOC_STRINGS = YES;
				SWIFT_VERSION = 5.0;
				TARGETED_DEVICE_FAMILY = 1;
			};
			name = Release;
		};
/* End XCBuildConfiguration section */

/* Begin XCConfigurationList section */
		ADF36D8B2750FCA1008BA1DB /* Build configuration list for PBXProject "Jasmine" */ = {
			isa = XCConfigurationList;
			buildConfigurations = (
				ADF36DA22750FCA3008BA1DB /* Debug */,
				ADF36DA32750FCA3008BA1DB /* Release */,
			);
			defaultConfigurationIsVisible = 0;
			defaultConfigurationName = Release;
		};
		ADF36DA42750FCA3008BA1DB /* Build configuration list for PBXNativeTarget "Jasmine" */ = {
			isa = XCConfigurationList;
			buildConfigurations = (
				ADF36DA52750FCA3008BA1DB /* Debug */,
				ADF36DA62750FCA3008BA1DB /* Release */,
			);
			defaultConfigurationIsVisible = 0;
			defaultConfigurationName = Release;
		};
/* End XCConfigurationList section */
	};
	rootObject = ADF36D882750FCA1008BA1DB /* Project object */;
}
